// !$*UTF8*$!
{
	archiveVersion = 1;
	classes = {
	};
	objectVersion = 56;
	objects = {

/* Begin PBXBuildFile section */
		9906AFA92B3935EB003A7D5A /* AppDelegate.swift in Sources */ = {isa = PBXBuildFile; fileRef = 9906AFA82B3935EB003A7D5A /* AppDelegate.swift */; };
		9906AFAB2B3935EB003A7D5A /* SceneDelegate.swift in Sources */ = {isa = PBXBuildFile; fileRef = 9906AFAA2B3935EB003A7D5A /* SceneDelegate.swift */; };
		9906AFAD2B3935EB003A7D5A /* ViewController.swift in Sources */ = {isa = PBXBuildFile; fileRef = 9906AFAC2B3935EB003A7D5A /* ViewController.swift */; };
		9906AFB02B3935EB003A7D5A /* Main.storyboard in Resources */ = {isa = PBXBuildFile; fileRef = 9906AFAE2B3935EB003A7D5A /* Main.storyboard */; };
		9906AFB22B3935F2003A7D5A /* Assets.xcassets in Resources */ = {isa = PBXBuildFile; fileRef = 9906AFB12B3935F2003A7D5A /* Assets.xcassets */; };
		9906AFB52B3935F2003A7D5A /* LaunchScreen.storyboard in Resources */ = {isa = PBXBuildFile; fileRef = 9906AFB32B3935F2003A7D5A /* LaunchScreen.storyboard */; };
		9906AFC02B3935F2003A7D5A /* UIKitTests.swift in Sources */ = {isa = PBXBuildFile; fileRef = 9906AFBF2B3935F2003A7D5A /* UIKitTests.swift */; };
		9906AFCA2B3935F2003A7D5A /* UIKitUITests.swift in Sources */ = {isa = PBXBuildFile; fileRef = 9906AFC92B3935F2003A7D5A /* UIKitUITests.swift */; };
		9906AFCC2B3935F2003A7D5A /* UIKitUITestsLaunchTests.swift in Sources */ = {isa = PBXBuildFile; fileRef = 9906AFCB2B3935F2003A7D5A /* UIKitUITestsLaunchTests.swift */; };
/* End PBXBuildFile section */

/* Begin PBXContainerItemProxy section */
		9906AFBC2B3935F2003A7D5A /* PBXContainerItemProxy */ = {
			isa = PBXContainerItemProxy;
			containerPortal = 9906AF9D2B3935EA003A7D5A /* Project object */;
			proxyType = 1;
			remoteGlobalIDString = 9906AFA42B3935EB003A7D5A;
			remoteInfo = UIKit;
		};
		9906AFC62B3935F2003A7D5A /* PBXContainerItemProxy */ = {
			isa = PBXContainerItemProxy;
			containerPortal = 9906AF9D2B3935EA003A7D5A /* Project object */;
			proxyType = 1;
			remoteGlobalIDString = 9906AFA42B3935EB003A7D5A;
			remoteInfo = UIKit;
		};
/* End PBXContainerItemProxy section */

/* Begin PBXFileReference section */
		9906AFA52B3935EB003A7D5A /* UIKit.app */ = {isa = PBXFileReference; explicitFileType = wrapper.application; includeInIndex = 0; path = UIKit.app; sourceTree = BUILT_PRODUCTS_DIR; };
		9906AFA82B3935EB003A7D5A /* AppDelegate.swift */ = {isa = PBXFileReference; lastKnownFileType = sourcecode.swift; path = AppDelegate.swift; sourceTree = "<group>"; };
		9906AFAA2B3935EB003A7D5A /* SceneDelegate.swift */ = {isa = PBXFileReference; lastKnownFileType = sourcecode.swift; path = SceneDelegate.swift; sourceTree = "<group>"; };
		9906AFAC2B3935EB003A7D5A /* ViewController.swift */ = {isa = PBXFileReference; lastKnownFileType = sourcecode.swift; path = ViewController.swift; sourceTree = "<group>"; };
		9906AFAF2B3935EB003A7D5A /* Base */ = {isa = PBXFileReference; lastKnownFileType = file.storyboard; name = Base; path = Base.lproj/Main.storyboard; sourceTree = "<group>"; };
		9906AFB12B3935F2003A7D5A /* Assets.xcassets */ = {isa = PBXFileReference; lastKnownFileType = folder.assetcatalog; path = Assets.xcassets; sourceTree = "<group>"; };
		9906AFB42B3935F2003A7D5A /* Base */ = {isa = PBXFileReference; lastKnownFileType = file.storyboard; name = Base; path = Base.lproj/LaunchScreen.storyboard; sourceTree = "<group>"; };
		9906AFB62B3935F2003A7D5A /* Info.plist */ = {isa = PBXFileReference; lastKnownFileType = text.plist.xml; path = Info.plist; sourceTree = "<group>"; };
		9906AFBB2B3935F2003A7D5A /* UIKitTests.xctest */ = {isa = PBXFileReference; explicitFileType = wrapper.cfbundle; includeInIndex = 0; path = UIKitTests.xctest; sourceTree = BUILT_PRODUCTS_DIR; };
		9906AFBF2B3935F2003A7D5A /* UIKitTests.swift */ = {isa = PBXFileReference; lastKnownFileType = sourcecode.swift; path = UIKitTests.swift; sourceTree = "<group>"; };
		9906AFC52B3935F2003A7D5A /* UIKitUITests.xctest */ = {isa = PBXFileReference; explicitFileType = wrapper.cfbundle; includeInIndex = 0; path = UIKitUITests.xctest; sourceTree = BUILT_PRODUCTS_DIR; };
		9906AFC92B3935F2003A7D5A /* UIKitUITests.swift */ = {isa = PBXFileReference; lastKnownFileType = sourcecode.swift; path = UIKitUITests.swift; sourceTree = "<group>"; };
		9906AFCB2B3935F2003A7D5A /* UIKitUITestsLaunchTests.swift */ = {isa = PBXFileReference; lastKnownFileType = sourcecode.swift; path = UIKitUITestsLaunchTests.swift; sourceTree = "<group>"; };
/* End PBXFileReference section */

/* Begin PBXFrameworksBuildPhase section */
		9906AFA22B3935EB003A7D5A /* Frameworks */ = {
			isa = PBXFrameworksBuildPhase;
			buildActionMask = 2147483647;
			files = (
			);
			runOnlyForDeploymentPostprocessing = 0;
		};
		9906AFB82B3935F2003A7D5A /* Frameworks */ = {
			isa = PBXFrameworksBuildPhase;
			buildActionMask = 2147483647;
			files = (
			);
			runOnlyForDeploymentPostprocessing = 0;
		};
		9906AFC22B3935F2003A7D5A /* Frameworks */ = {
			isa = PBXFrameworksBuildPhase;
			buildActionMask = 2147483647;
			files = (
			);
			runOnlyForDeploymentPostprocessing = 0;
		};
/* End PBXFrameworksBuildPhase section */

/* Begin PBXGroup section */
		9906AF9C2B3935EA003A7D5A = {
			isa = PBXGroup;
			children = (
				9906AFA72B3935EB003A7D5A /* UIKit */,
				9906AFBE2B3935F2003A7D5A /* UIKitTests */,
				9906AFC82B3935F2003A7D5A /* UIKitUITests */,
				9906AFA62B3935EB003A7D5A /* Products */,
			);
			sourceTree = "<group>";
		};
		9906AFA62B3935EB003A7D5A /* Products */ = {
			isa = PBXGroup;
			children = (
				9906AFA52B3935EB003A7D5A /* UIKit.app */,
				9906AFBB2B3935F2003A7D5A /* UIKitTests.xctest */,
				9906AFC52B3935F2003A7D5A /* UIKitUITests.xctest */,
			);
			name = Products;
			sourceTree = "<group>";
		};
		9906AFA72B3935EB003A7D5A /* UIKit */ = {
			isa = PBXGroup;
			children = (
				9906AFA82B3935EB003A7D5A /* AppDelegate.swift */,
				9906AFAA2B3935EB003A7D5A /* SceneDelegate.swift */,
				9906AFAC2B3935EB003A7D5A /* ViewController.swift */,
				9906AFAE2B3935EB003A7D5A /* Main.storyboard */,
				9906AFB12B3935F2003A7D5A /* Assets.xcassets */,
				9906AFB32B3935F2003A7D5A /* LaunchScreen.storyboard */,
				9906AFB62B3935F2003A7D5A /* Info.plist */,
			);
			path = UIKit;
			sourceTree = "<group>";
		};
		9906AFBE2B3935F2003A7D5A /* UIKitTests */ = {
			isa = PBXGroup;
			children = (
				9906AFBF2B3935F2003A7D5A /* UIKitTests.swift */,
			);
			path = UIKitTests;
			sourceTree = "<group>";
		};
		9906AFC82B3935F2003A7D5A /* UIKitUITests */ = {
			isa = PBXGroup;
			children = (
				9906AFC92B3935F2003A7D5A /* UIKitUITests.swift */,
				9906AFCB2B3935F2003A7D5A /* UIKitUITestsLaunchTests.swift */,
			);
			path = UIKitUITests;
			sourceTree = "<group>";
		};
/* End PBXGroup section */

/* Begin PBXNativeTarget section */
		9906AFA42B3935EB003A7D5A /* UIKit */ = {
			isa = PBXNativeTarget;
			buildConfigurationList = 9906AFCF2B3935F2003A7D5A /* Build configuration list for PBXNativeTarget "UIKit" */;
			buildPhases = (
				9906AFA12B3935EB003A7D5A /* Sources */,
				9906AFA22B3935EB003A7D5A /* Frameworks */,
				9906AFA32B3935EB003A7D5A /* Resources */,
			);
			buildRules = (
			);
			dependencies = (
			);
			name = UIKit;
			productName = UIKit;
			productReference = 9906AFA52B3935EB003A7D5A /* UIKit.app */;
			productType = "com.apple.product-type.application";
		};
		9906AFBA2B3935F2003A7D5A /* UIKitTests */ = {
			isa = PBXNativeTarget;
			buildConfigurationList = 9906AFD22B3935F2003A7D5A /* Build configuration list for PBXNativeTarget "UIKitTests" */;
			buildPhases = (
				9906AFB72B3935F2003A7D5A /* Sources */,
				9906AFB82B3935F2003A7D5A /* Frameworks */,
				9906AFB92B3935F2003A7D5A /* Resources */,
			);
			buildRules = (
			);
			dependencies = (
				9906AFBD2B3935F2003A7D5A /* PBXTargetDependency */,
			);
			name = UIKitTests;
			productName = UIKitTests;
			productReference = 9906AFBB2B3935F2003A7D5A /* UIKitTests.xctest */;
			productType = "com.apple.product-type.bundle.unit-test";
		};
		9906AFC42B3935F2003A7D5A /* UIKitUITests */ = {
			isa = PBXNativeTarget;
			buildConfigurationList = 9906AFD52B3935F2003A7D5A /* Build configuration list for PBXNativeTarget "UIKitUITests" */;
			buildPhases = (
				9906AFC12B3935F2003A7D5A /* Sources */,
				9906AFC22B3935F2003A7D5A /* Frameworks */,
				9906AFC32B3935F2003A7D5A /* Resources */,
			);
			buildRules = (
			);
			dependencies = (
				9906AFC72B3935F2003A7D5A /* PBXTargetDependency */,
			);
			name = UIKitUITests;
			productName = UIKitUITests;
			productReference = 9906AFC52B3935F2003A7D5A /* UIKitUITests.xctest */;
			productType = "com.apple.product-type.bundle.ui-testing";
		};
/* End PBXNativeTarget section */

/* Begin PBXProject section */
		9906AF9D2B3935EA003A7D5A /* Project object */ = {
			isa = PBXProject;
			attributes = {
				BuildIndependentTargetsInParallel = 1;
				LastSwiftUpdateCheck = 1430;
				LastUpgradeCheck = 1430;
				TargetAttributes = {
					9906AFA42B3935EB003A7D5A = {
						CreatedOnToolsVersion = 14.3.1;
					};
					9906AFBA2B3935F2003A7D5A = {
						CreatedOnToolsVersion = 14.3.1;
						TestTargetID = 9906AFA42B3935EB003A7D5A;
					};
					9906AFC42B3935F2003A7D5A = {
						CreatedOnToolsVersion = 14.3.1;
						TestTargetID = 9906AFA42B3935EB003A7D5A;
					};
				};
			};
			buildConfigurationList = 9906AFA02B3935EA003A7D5A /* Build configuration list for PBXProject "UIKit" */;
			compatibilityVersion = "Xcode 14.0";
			developmentRegion = en;
			hasScannedForEncodings = 0;
			knownRegions = (
				en,
				Base,
			);
			mainGroup = 9906AF9C2B3935EA003A7D5A;
			productRefGroup = 9906AFA62B3935EB003A7D5A /* Products */;
			projectDirPath = "";
			projectRoot = "";
			targets = (
				9906AFA42B3935EB003A7D5A /* UIKit */,
				9906AFBA2B3935F2003A7D5A /* UIKitTests */,
				9906AFC42B3935F2003A7D5A /* UIKitUITests */,
			);
		};
/* End PBXProject section */

/* Begin PBXResourcesBuildPhase section */
		9906AFA32B3935EB003A7D5A /* Resources */ = {
			isa = PBXResourcesBuildPhase;
			buildActionMask = 2147483647;
			files = (
				9906AFB52B3935F2003A7D5A /* LaunchScreen.storyboard in Resources */,
				9906AFB22B3935F2003A7D5A /* Assets.xcassets in Resources */,
				9906AFB02B3935EB003A7D5A /* Main.storyboard in Resources */,
			);
			runOnlyForDeploymentPostprocessing = 0;
		};
		9906AFB92B3935F2003A7D5A /* Resources */ = {
			isa = PBXResourcesBuildPhase;
			buildActionMask = 2147483647;
			files = (
			);
			runOnlyForDeploymentPostprocessing = 0;
		};
		9906AFC32B3935F2003A7D5A /* Resources */ = {
			isa = PBXResourcesBuildPhase;
			buildActionMask = 2147483647;
			files = (
			);
			runOnlyForDeploymentPostprocessing = 0;
		};
/* End PBXResourcesBuildPhase section */

/* Begin PBXSourcesBuildPhase section */
		9906AFA12B3935EB003A7D5A /* Sources */ = {
			isa = PBXSourcesBuildPhase;
			buildActionMask = 2147483647;
			files = (
				9906AFAD2B3935EB003A7D5A /* ViewController.swift in Sources */,
				9906AFA92B3935EB003A7D5A /* AppDelegate.swift in Sources */,
				9906AFAB2B3935EB003A7D5A /* SceneDelegate.swift in Sources */,
			);
			runOnlyForDeploymentPostprocessing = 0;
		};
		9906AFB72B3935F2003A7D5A /* Sources */ = {
			isa = PBXSourcesBuildPhase;
			buildActionMask = 2147483647;
			files = (
				9906AFC02B3935F2003A7D5A /* UIKitTests.swift in Sources */,
			);
			runOnlyForDeploymentPostprocessing = 0;
		};
		9906AFC12B3935F2003A7D5A /* Sources */ = {
			isa = PBXSourcesBuildPhase;
			buildActionMask = 2147483647;
			files = (
				9906AFCA2B3935F2003A7D5A /* UIKitUITests.swift in Sources */,
				9906AFCC2B3935F2003A7D5A /* UIKitUITestsLaunchTests.swift in Sources */,
			);
			runOnlyForDeploymentPostprocessing = 0;
		};
/* End PBXSourcesBuildPhase section */

/* Begin PBXTargetDependency section */
		9906AFBD2B3935F2003A7D5A /* PBXTargetDependency */ = {
			isa = PBXTargetDependency;
			target = 9906AFA42B3935EB003A7D5A /* UIKit */;
			targetProxy = 9906AFBC2B3935F2003A7D5A /* PBXContainerItemProxy */;
		};
		9906AFC72B3935F2003A7D5A /* PBXTargetDependency */ = {
			isa = PBXTargetDependency;
			target = 9906AFA42B3935EB003A7D5A /* UIKit */;
			targetProxy = 9906AFC62B3935F2003A7D5A /* PBXContainerItemProxy */;
		};
/* End PBXTargetDependency section */

/* Begin PBXVariantGroup section */
		9906AFAE2B3935EB003A7D5A /* Main.storyboard */ = {
			isa = PBXVariantGroup;
			children = (
				9906AFAF2B3935EB003A7D5A /* Base */,
			);
			name = Main.storyboard;
			sourceTree = "<group>";
		};
		9906AFB32B3935F2003A7D5A /* LaunchScreen.storyboard */ = {
			isa = PBXVariantGroup;
			children = (
				9906AFB42B3935F2003A7D5A /* Base */,
			);
			name = LaunchScreen.storyboard;
			sourceTree = "<group>";
		};
/* End PBXVariantGroup section */

/* Begin XCBuildConfiguration section */
		9906AFCD2B3935F2003A7D5A /* Debug */ = {
			isa = XCBuildConfiguration;
			buildSettings = {
				ALWAYS_SEARCH_USER_PATHS = NO;
				CLANG_ANALYZER_NONNULL = YES;
				CLANG_ANALYZER_NUMBER_OBJECT_CONVERSION = YES_AGGRESSIVE;
				CLANG_CXX_LANGUAGE_STANDARD = "gnu++20";
				CLANG_ENABLE_MODULES = YES;
				CLANG_ENABLE_OBJC_ARC = YES;
				CLANG_ENABLE_OBJC_WEAK = YES;
				CLANG_WARN_BLOCK_CAPTURE_AUTORELEASING = YES;
				CLANG_WARN_BOOL_CONVERSION = YES;
				CLANG_WARN_COMMA = YES;
				CLANG_WARN_CONSTANT_CONVERSION = YES;
				CLANG_WARN_DEPRECATED_OBJC_IMPLEMENTATIONS = YES;
				CLANG_WARN_DIRECT_OBJC_ISA_USAGE = YES_ERROR;
				CLANG_WARN_DOCUMENTATION_COMMENTS = YES;
				CLANG_WARN_EMPTY_BODY = YES;
				CLANG_WARN_ENUM_CONVERSION = YES;
				CLANG_WARN_INFINITE_RECURSION = YES;
				CLANG_WARN_INT_CONVERSION = YES;
				CLANG_WARN_NON_LITERAL_NULL_CONVERSION = YES;
				CLANG_WARN_OBJC_IMPLICIT_RETAIN_SELF = YES;
				CLANG_WARN_OBJC_LITERAL_CONVERSION = YES;
				CLANG_WARN_OBJC_ROOT_CLASS = YES_ERROR;
				CLANG_WARN_QUOTED_INCLUDE_IN_FRAMEWORK_HEADER = YES;
				CLANG_WARN_RANGE_LOOP_ANALYSIS = YES;
				CLANG_WARN_STRICT_PROTOTYPES = YES;
				CLANG_WARN_SUSPICIOUS_MOVE = YES;
				CLANG_WARN_UNGUARDED_AVAILABILITY = YES_AGGRESSIVE;
				CLANG_WARN_UNREACHABLE_CODE = YES;
				CLANG_WARN__DUPLICATE_METHOD_MATCH = YES;
				COPY_PHASE_STRIP = NO;
				DEBUG_INFORMATION_FORMAT = dwarf;
				ENABLE_STRICT_OBJC_MSGSEND = YES;
				ENABLE_TESTABILITY = YES;
				GCC_C_LANGUAGE_STANDARD = gnu11;
				GCC_DYNAMIC_NO_PIC = NO;
				GCC_NO_COMMON_BLOCKS = YES;
				GCC_OPTIMIZATION_LEVEL = 0;
				GCC_PREPROCESSOR_DEFINITIONS = (
					"DEBUG=1",
					"$(inherited)",
				);
				GCC_WARN_64_TO_32_BIT_CONVERSION = YES;
				GCC_WARN_ABOUT_RETURN_TYPE = YES_ERROR;
				GCC_WARN_UNDECLARED_SELECTOR = YES;
				GCC_WARN_UNINITIALIZED_AUTOS = YES_AGGRESSIVE;
				GCC_WARN_UNUSED_FUNCTION = YES;
				GCC_WARN_UNUSED_VARIABLE = YES;
				IPHONEOS_DEPLOYMENT_TARGET = 16.4;
				MTL_ENABLE_DEBUG_INFO = INCLUDE_SOURCE;
				MTL_FAST_MATH = YES;
				ONLY_ACTIVE_ARCH = YES;
				SDKROOT = iphoneos;
				SWIFT_ACTIVE_COMPILATION_CONDITIONS = DEBUG;
				SWIFT_OPTIMIZATION_LEVEL = "-Onone";
			};
			name = Debug;
		};
		9906AFCE2B3935F2003A7D5A /* Release */ = {
			isa = XCBuildConfiguration;
			buildSettings = {
				ALWAYS_SEARCH_USER_PATHS = NO;
				CLANG_ANALYZER_NONNULL = YES;
				CLANG_ANALYZER_NUMBER_OBJECT_CONVERSION = YES_AGGRESSIVE;
				CLANG_CXX_LANGUAGE_STANDARD = "gnu++20";
				CLANG_ENABLE_MODULES = YES;
				CLANG_ENABLE_OBJC_ARC = YES;
				CLANG_ENABLE_OBJC_WEAK = YES;
				CLANG_WARN_BLOCK_CAPTURE_AUTORELEASING = YES;
				CLANG_WARN_BOOL_CONVERSION = YES;
				CLANG_WARN_COMMA = YES;
				CLANG_WARN_CONSTANT_CONVERSION = YES;
				CLANG_WARN_DEPRECATED_OBJC_IMPLEMENTATIONS = YES;
				CLANG_WARN_DIRECT_OBJC_ISA_USAGE = YES_ERROR;
				CLANG_WARN_DOCUMENTATION_COMMENTS = YES;
				CLANG_WARN_EMPTY_BODY = YES;
				CLANG_WARN_ENUM_CONVERSION = YES;
				CLANG_WARN_INFINITE_RECURSION = YES;
				CLANG_WARN_INT_CONVERSION = YES;
				CLANG_WARN_NON_LITERAL_NULL_CONVERSION = YES;
				CLANG_WARN_OBJC_IMPLICIT_RETAIN_SELF = YES;
				CLANG_WARN_OBJC_LITERAL_CONVERSION = YES;
				CLANG_WARN_OBJC_ROOT_CLASS = YES_ERROR;
				CLANG_WARN_QUOTED_INCLUDE_IN_FRAMEWORK_HEADER = YES;
				CLANG_WARN_RANGE_LOOP_ANALYSIS = YES;
				CLANG_WARN_STRICT_PROTOTYPES = YES;
				CLANG_WARN_SUSPICIOUS_MOVE = YES;
				CLANG_WARN_UNGUARDED_AVAILABILITY = YES_AGGRESSIVE;
				CLANG_WARN_UNREACHABLE_CODE = YES;
				CLANG_WARN__DUPLICATE_METHOD_MATCH = YES;
				COPY_PHASE_STRIP = NO;
				DEBUG_INFORMATION_FORMAT = "dwarf-with-dsym";
				ENABLE_NS_ASSERTIONS = NO;
				ENABLE_STRICT_OBJC_MSGSEND = YES;
				GCC_C_LANGUAGE_STANDARD = gnu11;
				GCC_NO_COMMON_BLOCKS = YES;
				GCC_WARN_64_TO_32_BIT_CONVERSION = YES;
				GCC_WARN_ABOUT_RETURN_TYPE = YES_ERROR;
				GCC_WARN_UNDECLARED_SELECTOR = YES;
				GCC_WARN_UNINITIALIZED_AUTOS = YES_AGGRESSIVE;
				GCC_WARN_UNUSED_FUNCTION = YES;
				GCC_WARN_UNUSED_VARIABLE = YES;
				IPHONEOS_DEPLOYMENT_TARGET = 16.4;
				MTL_ENABLE_DEBUG_INFO = NO;
				MTL_FAST_MATH = YES;
				SDKROOT = iphoneos;
				SWIFT_COMPILATION_MODE = wholemodule;
				SWIFT_OPTIMIZATION_LEVEL = "-O";
				VALIDATE_PRODUCT = YES;
			};
			name = Release;
		};
		9906AFD02B3935F2003A7D5A /* Debug */ = {
			isa = XCBuildConfiguration;
			buildSettings = {
				ASSETCATALOG_COMPILER_APPICON_NAME = AppIcon;
				ASSETCATALOG_COMPILER_GLOBAL_ACCENT_COLOR_NAME = AccentColor;
				CODE_SIGN_STYLE = Automatic;
				CURRENT_PROJECT_VERSION = 1;
				GENERATE_INFOPLIST_FILE = YES;
				INFOPLIST_FILE = UIKit/Info.plist;
				INFOPLIST_KEY_UIApplicationSupportsIndirectInputEvents = YES;
				INFOPLIST_KEY_UILaunchStoryboardName = LaunchScreen;
				INFOPLIST_KEY_UIMainStoryboardFile = Main;
				INFOPLIST_KEY_UISupportedInterfaceOrientations_iPad = "UIInterfaceOrientationPortrait UIInterfaceOrientationPortraitUpsideDown UIInterfaceOrientationLandscapeLeft UIInterfaceOrientationLandscapeRight";
				INFOPLIST_KEY_UISupportedInterfaceOrientations_iPhone = "UIInterfaceOrientationPortrait UIInterfaceOrientationLandscapeLeft UIInterfaceOrientationLandscapeRight";
				LD_RUNPATH_SEARCH_PATHS = (
					"$(inherited)",
					"@executable_path/Frameworks",
				);
				MARKETING_VERSION = 1.0;
				PRODUCT_BUNDLE_IDENTIFIER = "com.Toh-Jia-Xuan.UIKit";
				PRODUCT_NAME = "$(TARGET_NAME)";
				SWIFT_EMIT_LOC_STRINGS = YES;
				SWIFT_VERSION = 5.0;
				TARGETED_DEVICE_FAMILY = "1,2";
			};
			name = Debug;
		};
		9906AFD12B3935F2003A7D5A /* Release */ = {
			isa = XCBuildConfiguration;
			buildSettings = {
				ASSETCATALOG_COMPILER_APPICON_NAME = AppIcon;
				ASSETCATALOG_COMPILER_GLOBAL_ACCENT_COLOR_NAME = AccentColor;
				CODE_SIGN_STYLE = Automatic;
				CURRENT_PROJECT_VERSION = 1;
				GENERATE_INFOPLIST_FILE = YES;
				INFOPLIST_FILE = UIKit/Info.plist;
				INFOPLIST_KEY_UIApplicationSupportsIndirectInputEvents = YES;
				INFOPLIST_KEY_UILaunchStoryboardName = LaunchScreen;
				INFOPLIST_KEY_UIMainStoryboardFile = Main;
				INFOPLIST_KEY_UISupportedInterfaceOrientations_iPad = "UIInterfaceOrientationPortrait UIInterfaceOrientationPortraitUpsideDown UIInterfaceOrientationLandscapeLeft UIInterfaceOrientationLandscapeRight";
				INFOPLIST_KEY_UISupportedInterfaceOrientations_iPhone = "UIInterfaceOrientationPortrait UIInterfaceOrientationLandscapeLeft UIInterfaceOrientationLandscapeRight";
				LD_RUNPATH_SEARCH_PATHS = (
					"$(inherited)",
					"@executable_path/Frameworks",
				);
				MARKETING_VERSION = 1.0;
				PRODUCT_BUNDLE_IDENTIFIER = "com.Toh-Jia-Xuan.UIKit";
				PRODUCT_NAME = "$(TARGET_NAME)";
				SWIFT_EMIT_LOC_STRINGS = YES;
				SWIFT_VERSION = 5.0;
				TARGETED_DEVICE_FAMILY = "1,2";
			};
			name = Release;
		};
		9906AFD32B3935F2003A7D5A /* Debug */ = {
			isa = XCBuildConfiguration;
			buildSettings = {
				ALWAYS_EMBED_SWIFT_STANDARD_LIBRARIES = YES;
				BUNDLE_LOADER = "$(TEST_HOST)";
				CODE_SIGN_STYLE = Automatic;
				CURRENT_PROJECT_VERSION = 1;
				GENERATE_INFOPLIST_FILE = YES;
				IPHONEOS_DEPLOYMENT_TARGET = 16.4;
				MARKETING_VERSION = 1.0;
				PRODUCT_BUNDLE_IDENTIFIER = "com.Toh-Jia-Xuan.UIKitTests";
				PRODUCT_NAME = "$(TARGET_NAME)";
				SWIFT_EMIT_LOC_STRINGS = NO;
				SWIFT_VERSION = 5.0;
				TARGETED_DEVICE_FAMILY = "1,2";
				TEST_HOST = "$(BUILT_PRODUCTS_DIR)/UIKit.app/$(BUNDLE_EXECUTABLE_FOLDER_PATH)/UIKit";
			};
			name = Debug;
		};
		9906AFD42B3935F2003A7D5A /* Release */ = {
			isa = XCBuildConfiguration;
			buildSettings = {
				ALWAYS_EMBED_SWIFT_STANDARD_LIBRARIES = YES;
				BUNDLE_LOADER = "$(TEST_HOST)";
				CODE_SIGN_STYLE = Automatic;
				CURRENT_PROJECT_VERSION = 1;
				GENERATE_INFOPLIST_FILE = YES;
				IPHONEOS_DEPLOYMENT_TARGET = 16.4;
				MARKETING_VERSION = 1.0;
				PRODUCT_BUNDLE_IDENTIFIER = "com.Toh-Jia-Xuan.UIKitTests";
				PRODUCT_NAME = "$(TARGET_NAME)";
				SWIFT_EMIT_LOC_STRINGS = NO;
				SWIFT_VERSION = 5.0;
				TARGETED_DEVICE_FAMILY = "1,2";
				TEST_HOST = "$(BUILT_PRODUCTS_DIR)/UIKit.app/$(BUNDLE_EXECUTABLE_FOLDER_PATH)/UIKit";
			};
			name = Release;
		};
		9906AFD62B3935F2003A7D5A /* Debug */ = {
			isa = XCBuildConfiguration;
			buildSettings = {
				ALWAYS_EMBED_SWIFT_STANDARD_LIBRARIES = YES;
				CODE_SIGN_STYLE = Automatic;
				CURRENT_PROJECT_VERSION = 1;
				GENERATE_INFOPLIST_FILE = YES;
				MARKETING_VERSION = 1.0;
				PRODUCT_BUNDLE_IDENTIFIER = "com.Toh-Jia-Xuan.UIKitUITests";
				PRODUCT_NAME = "$(TARGET_NAME)";
				SWIFT_EMIT_LOC_STRINGS = NO;
				SWIFT_VERSION = 5.0;
				TARGETED_DEVICE_FAMILY = "1,2";
				TEST_TARGET_NAME = UIKit;
			};
			name = Debug;
		};
		9906AFD72B3935F2003A7D5A /* Release */ = {
			isa = XCBuildConfiguration;
			buildSettings = {
				ALWAYS_EMBED_SWIFT_STANDARD_LIBRARIES = YES;
				CODE_SIGN_STYLE = Automatic;
				CURRENT_PROJECT_VERSION = 1;
				GENERATE_INFOPLIST_FILE = YES;
				MARKETING_VERSION = 1.0;
				PRODUCT_BUNDLE_IDENTIFIER = "com.Toh-Jia-Xuan.UIKitUITests";
				PRODUCT_NAME = "$(TARGET_NAME)";
				SWIFT_EMIT_LOC_STRINGS = NO;
				SWIFT_VERSION = 5.0;
				TARGETED_DEVICE_FAMILY = "1,2";
				TEST_TARGET_NAME = UIKit;
			};
			name = Release;
		};
/* End XCBuildConfiguration section */

/* Begin XCConfigurationList section */
		9906AFA02B3935EA003A7D5A /* Build configuration list for PBXProject "UIKit" */ = {
			isa = XCConfigurationList;
			buildConfigurations = (
				9906AFCD2B3935F2003A7D5A /* Debug */,
				9906AFCE2B3935F2003A7D5A /* Release */,
			);
			defaultConfigurationIsVisible = 0;
			defaultConfigurationName = Release;
		};
		9906AFCF2B3935F2003A7D5A /* Build configuration list for PBXNativeTarget "UIKit" */ = {
			isa = XCConfigurationList;
			buildConfigurations = (
				9906AFD02B3935F2003A7D5A /* Debug */,
				9906AFD12B3935F2003A7D5A /* Release */,
			);
			defaultConfigurationIsVisible = 0;
			defaultConfigurationName = Release;
		};
		9906AFD22B3935F2003A7D5A /* Build configuration list for PBXNativeTarget "UIKitTests" */ = {
			isa = XCConfigurationList;
			buildConfigurations = (
				9906AFD32B3935F2003A7D5A /* Debug */,
				9906AFD42B3935F2003A7D5A /* Release */,
			);
			defaultConfigurationIsVisible = 0;
			defaultConfigurationName = Release;
		};
		9906AFD52B3935F2003A7D5A /* Build configuration list for PBXNativeTarget "UIKitUITests" */ = {
			isa = XCConfigurationList;
			buildConfigurations = (
				9906AFD62B3935F2003A7D5A /* Debug */,
				9906AFD72B3935F2003A7D5A /* Release */,
			);
			defaultConfigurationIsVisible = 0;
			defaultConfigurationName = Release;
		};
/* End XCConfigurationList section */
	};
	rootObject = 9906AF9D2B3935EA003A7D5A /* Project object */;
}
